// !$*UTF8*$!
{
	archiveVersion = 1;
	classes = {
	};
	objectVersion = 56;
	objects = {

/* Begin PBXBuildFile section */
		720A001A2C9E768D00BD9A45 /* HelpAndSupportView.swift in Sources */ = {isa = PBXBuildFile; fileRef = 720A00192C9E768D00BD9A45 /* HelpAndSupportView.swift */; };
		720A001C2C9F775700BD9A45 /* MailComposer.swift in Sources */ = {isa = PBXBuildFile; fileRef = 720A001B2C9F775700BD9A45 /* MailComposer.swift */; };
		720A001E2C9FB21700BD9A45 /* QuickNote.swift in Sources */ = {isa = PBXBuildFile; fileRef = 720A001D2C9FB21700BD9A45 /* QuickNote.swift */; };
		720A00202C9FB9FE00BD9A45 /* AddQuickNoteView.swift in Sources */ = {isa = PBXBuildFile; fileRef = 720A001F2C9FB9FE00BD9A45 /* AddQuickNoteView.swift */; };
		720A00232CA080D800BD9A45 /* NoteVisibility.swift in Sources */ = {isa = PBXBuildFile; fileRef = 720A00222CA080D800BD9A45 /* NoteVisibility.swift */; };
		720A00252CA0961B00BD9A45 /* NoteTextView.swift in Sources */ = {isa = PBXBuildFile; fileRef = 720A00242CA0961B00BD9A45 /* NoteTextView.swift */; };
		720A002C2CA0FC8C00BD9A45 /* Goal.swift in Sources */ = {isa = PBXBuildFile; fileRef = 720A002B2CA0FC8C00BD9A45 /* Goal.swift */; };
		720A002E2CA0FEE500BD9A45 /* GoalManager.swift in Sources */ = {isa = PBXBuildFile; fileRef = 720A002D2CA0FEE500BD9A45 /* GoalManager.swift */; };
		720A00302CA1017900BD9A45 /* AddGoalView.swift in Sources */ = {isa = PBXBuildFile; fileRef = 720A002F2CA1017900BD9A45 /* AddGoalView.swift */; };
		720A00322CA1019000BD9A45 /* CurrentGoalsView.swift in Sources */ = {isa = PBXBuildFile; fileRef = 720A00312CA1019000BD9A45 /* CurrentGoalsView.swift */; };
		720A00342CA1087B00BD9A45 /* ReminderManager.swift in Sources */ = {isa = PBXBuildFile; fileRef = 720A00332CA1087B00BD9A45 /* ReminderManager.swift */; };
		720A00362CA2581000BD9A45 /* DateManager.swift in Sources */ = {isa = PBXBuildFile; fileRef = 720A00352CA2581000BD9A45 /* DateManager.swift */; };
		720B446D2CA5D421004B02FC /* PageManager.swift in Sources */ = {isa = PBXBuildFile; fileRef = 720B446C2CA5D421004B02FC /* PageManager.swift */; };
		722662962C8956EA0071162D /* CrimsonText-SemiBold.ttf in Resources */ = {isa = PBXBuildFile; fileRef = 722662942C894FFC0071162D /* CrimsonText-SemiBold.ttf */; };
		722662972C8956ED0071162D /* CrimsonText-Regular.ttf in Resources */ = {isa = PBXBuildFile; fileRef = 722662912C894ED70071162D /* CrimsonText-Regular.ttf */; };
		722662992C8957C40071162D /* CrimsonText-Bold.ttf in Resources */ = {isa = PBXBuildFile; fileRef = 722662982C8957C40071162D /* CrimsonText-Bold.ttf */; };
		7226629C2C895AF50071162D /* SDWebImageSwiftUI in Frameworks */ = {isa = PBXBuildFile; productRef = 7226629B2C895AF50071162D /* SDWebImageSwiftUI */; };
		7226629E2C8A9D680071162D /* ContainerView.swift in Sources */ = {isa = PBXBuildFile; fileRef = 7226629D2C8A9D680071162D /* ContainerView.swift */; };
		722662A02C8A9D790071162D /* SplashScreenView.swift in Sources */ = {isa = PBXBuildFile; fileRef = 7226629F2C8A9D790071162D /* SplashScreenView.swift */; };
		722662A42C8CAB4A0071162D /* StarRating.swift in Sources */ = {isa = PBXBuildFile; fileRef = 722662A32C8CAB4A0071162D /* StarRating.swift */; };
		722662A62C8CAE030071162D /* StarRatingView.swift in Sources */ = {isa = PBXBuildFile; fileRef = 722662A52C8CAE030071162D /* StarRatingView.swift */; };
		722662AA2C8E87370071162D /* DMSans_18pt-Regular.ttf in Resources */ = {isa = PBXBuildFile; fileRef = 722662A92C8E87370071162D /* DMSans_18pt-Regular.ttf */; };
		722662CE2C9250EC0071162D /* DonutChartView.swift in Sources */ = {isa = PBXBuildFile; fileRef = 722662CD2C9250EC0071162D /* DonutChartView.swift */; };
		722662D12C92717A0071162D /* NotificationsModel.swift in Sources */ = {isa = PBXBuildFile; fileRef = 722662D02C92717A0071162D /* NotificationsModel.swift */; };
		722662D62C9299E20071162D /* Image.swift in Sources */ = {isa = PBXBuildFile; fileRef = 722662D52C9299E20071162D /* Image.swift */; };
		722662D92C929B150071162D /* TitleModifier.swift in Sources */ = {isa = PBXBuildFile; fileRef = 722662D82C929B150071162D /* TitleModifier.swift */; };
		722662DB2C929B940071162D /* View.swift in Sources */ = {isa = PBXBuildFile; fileRef = 722662DA2C929B940071162D /* View.swift */; };
		722662DD2C929CB70071162D /* PlaceholderModifier.swift in Sources */ = {isa = PBXBuildFile; fileRef = 722662DC2C929CB70071162D /* PlaceholderModifier.swift */; };
		722662E12C929F160071162D /* CollectionTextModifier.swift in Sources */ = {isa = PBXBuildFile; fileRef = 722662E02C929F160071162D /* CollectionTextModifier.swift */; };
		722662E62C92A11A0071162D /* Rectangle.swift in Sources */ = {isa = PBXBuildFile; fileRef = 722662E52C92A11A0071162D /* Rectangle.swift */; };
		722662E92C9360660071162D /* FetchBookInfoViewModel.swift in Sources */ = {isa = PBXBuildFile; fileRef = 722662E82C9360660071162D /* FetchBookInfoViewModel.swift */; };
		724070D82BEC6AAF00E1E07C /* myBookPalApp.swift in Sources */ = {isa = PBXBuildFile; fileRef = 724070D72BEC6AAF00E1E07C /* myBookPalApp.swift */; };
		724070DC2BEC6AAF00E1E07C /* Assets.xcassets in Resources */ = {isa = PBXBuildFile; fileRef = 724070DB2BEC6AAF00E1E07C /* Assets.xcassets */; };
		724070DF2BEC6AAF00E1E07C /* Preview Assets.xcassets in Resources */ = {isa = PBXBuildFile; fileRef = 724070DE2BEC6AAF00E1E07C /* Preview Assets.xcassets */; };
		724070EC2BED76CA00E1E07C /* AddView.swift in Sources */ = {isa = PBXBuildFile; fileRef = 724070EB2BED76CA00E1E07C /* AddView.swift */; };
		724070F02BED774C00E1E07C /* TabsView.swift in Sources */ = {isa = PBXBuildFile; fileRef = 724070EF2BED774C00E1E07C /* TabsView.swift */; };
		724070F42BED7A6000E1E07C /* SettingsView.swift in Sources */ = {isa = PBXBuildFile; fileRef = 724070F32BED7A6000E1E07C /* SettingsView.swift */; };
		7248FF4C2C9C977500722F23 /* ProfileView.swift in Sources */ = {isa = PBXBuildFile; fileRef = 7248FF4B2C9C977500722F23 /* ProfileView.swift */; };
		7248FF532C9CBD5000722F23 /* PictureHandler.swift in Sources */ = {isa = PBXBuildFile; fileRef = 7248FF522C9CBD5000722F23 /* PictureHandler.swift */; };
		7248FF562C9CC35B00722F23 /* TransferableImage.swift in Sources */ = {isa = PBXBuildFile; fileRef = 7248FF552C9CC35B00722F23 /* TransferableImage.swift */; };
		7248FF5B2C9CE0CB00722F23 /* CustomArrowView.swift in Sources */ = {isa = PBXBuildFile; fileRef = 7248FF5A2C9CE0CB00722F23 /* CustomArrowView.swift */; };
		7249626C2C2E380600F6411B /* SettingsRectangleLineView.swift in Sources */ = {isa = PBXBuildFile; fileRef = 7249626B2C2E380600F6411B /* SettingsRectangleLineView.swift */; };
		724BEAA22C96370B00B86198 /* Tag.swift in Sources */ = {isa = PBXBuildFile; fileRef = 724BEAA12C96370B00B86198 /* Tag.swift */; };
		7259CABF2BFE45BD0039D778 /* CatagoryView.swift in Sources */ = {isa = PBXBuildFile; fileRef = 7259CABE2BFE45BD0039D778 /* CatagoryView.swift */; };
		725D05452BF4FCB8001557A4 /* EmptyBookCoverView.swift in Sources */ = {isa = PBXBuildFile; fileRef = 725D05442BF4FCB8001557A4 /* EmptyBookCoverView.swift */; };
		725D054B2BF971E1001557A4 /* CompletedView.swift in Sources */ = {isa = PBXBuildFile; fileRef = 725D054A2BF971E1001557A4 /* CompletedView.swift */; };
		725D054D2BF971E7001557A4 /* InProgressView.swift in Sources */ = {isa = PBXBuildFile; fileRef = 725D054C2BF971E7001557A4 /* InProgressView.swift */; };
		725D054F2BF97FDB001557A4 /* Library.swift in Sources */ = {isa = PBXBuildFile; fileRef = 725D054E2BF97FDB001557A4 /* Library.swift */; };
		725D05612BFBA841001557A4 /* SlidingTabView in Frameworks */ = {isa = PBXBuildFile; productRef = 725D05602BFBA841001557A4 /* SlidingTabView */; };
		7266C68A2BF45B6200022057 /* ContentView.swift in Sources */ = {isa = PBXBuildFile; fileRef = 7266C6892BF45B6200022057 /* ContentView.swift */; };
		728E7BA42BF0A37700A1D11B /* SearchView.swift in Sources */ = {isa = PBXBuildFile; fileRef = 728E7BA32BF0A37700A1D11B /* SearchView.swift */; };
		72A8893E2C3A23520032A56C /* BackgroundBookCoverView.swift in Sources */ = {isa = PBXBuildFile; fileRef = 72A8893D2C3A23520032A56C /* BackgroundBookCoverView.swift */; };
		72A889402C3F6FFE0032A56C /* NetworkMonitor.swift in Sources */ = {isa = PBXBuildFile; fileRef = 72A8893F2C3F6FFE0032A56C /* NetworkMonitor.swift */; };
		72AC47672CA6212A007E72DE /* GoalHistory.swift in Sources */ = {isa = PBXBuildFile; fileRef = 72AC47662CA6212A007E72DE /* GoalHistory.swift */; };
		72AC476B2CA622DA007E72DE /* HistoryView.swift in Sources */ = {isa = PBXBuildFile; fileRef = 72AC476A2CA622DA007E72DE /* HistoryView.swift */; };
		72AC478D2CA8D14A007E72DE /* isbnScannerManager.swift in Sources */ = {isa = PBXBuildFile; fileRef = 72AC478C2CA8D14A007E72DE /* isbnScannerManager.swift */; };
		72AC47902CA8ECCB007E72DE /* CodeScanner in Frameworks */ = {isa = PBXBuildFile; productRef = 72AC478F2CA8ECCB007E72DE /* CodeScanner */; };
		72BB668F2C93F15A001F17BA /* LightTagViewModifier.swift in Sources */ = {isa = PBXBuildFile; fileRef = 72BB668E2C93F15A001F17BA /* LightTagViewModifier.swift */; };
		72BB66912C93F371001F17BA /* DarkerTagViewModifier.swift in Sources */ = {isa = PBXBuildFile; fileRef = 72BB66902C93F371001F17BA /* DarkerTagViewModifier.swift */; };
		72BB66932C93F782001F17BA /* RowOneView.swift in Sources */ = {isa = PBXBuildFile; fileRef = 72BB66922C93F782001F17BA /* RowOneView.swift */; };
		72BB66952C93F7A2001F17BA /* RowTwoView.swift in Sources */ = {isa = PBXBuildFile; fileRef = 72BB66942C93F7A2001F17BA /* RowTwoView.swift */; };
		72BB66972C93F7AD001F17BA /* RowThreeView.swift in Sources */ = {isa = PBXBuildFile; fileRef = 72BB66962C93F7AD001F17BA /* RowThreeView.swift */; };
		72BB66992C93F7B4001F17BA /* RowFourView.swift in Sources */ = {isa = PBXBuildFile; fileRef = 72BB66982C93F7B4001F17BA /* RowFourView.swift */; };
		72BBD34C2BF29EB2006BC431 /* AddLogEntryView.swift in Sources */ = {isa = PBXBuildFile; fileRef = 72BBD34B2BF29EB2006BC431 /* AddLogEntryView.swift */; };
		72BBD3502BF2A64C006BC431 /* Log.swift in Sources */ = {isa = PBXBuildFile; fileRef = 72BBD34F2BF2A64C006BC431 /* Log.swift */; };
		72C4CD3C2C9A7EF800730327 /* DateTracker.swift in Sources */ = {isa = PBXBuildFile; fileRef = 72C4CD3B2C9A7EF800730327 /* DateTracker.swift */; };
		72C4CD402C9B6F8300730327 /* TagTextViewModifier.swift in Sources */ = {isa = PBXBuildFile; fileRef = 72C4CD3F2C9B6F8300730327 /* TagTextViewModifier.swift */; };
		72D097F82BF160D40021819E /* LogView.swift in Sources */ = {isa = PBXBuildFile; fileRef = 72D097F72BF160D40021819E /* LogView.swift */; };
		72D098092BF168D50021819E /* Book.swift in Sources */ = {isa = PBXBuildFile; fileRef = 72D098082BF168D50021819E /* Book.swift */; };
		72D098122BF1692D0021819E /* BookItem.swift in Sources */ = {isa = PBXBuildFile; fileRef = 72D0980B2BF1692D0021819E /* BookItem.swift */; };
		72D098132BF1692D0021819E /* BookResponse.swift in Sources */ = {isa = PBXBuildFile; fileRef = 72D0980C2BF1692D0021819E /* BookResponse.swift */; };
		72D098152BF1692D0021819E /* ImageLinks.swift in Sources */ = {isa = PBXBuildFile; fileRef = 72D0980E2BF1692D0021819E /* ImageLinks.swift */; };
		72D098162BF1692D0021819E /* VolumeInfo.swift in Sources */ = {isa = PBXBuildFile; fileRef = 72D0980F2BF1692D0021819E /* VolumeInfo.swift */; };
		72D098182BF16DE80021819E /* BookCoverView.swift in Sources */ = {isa = PBXBuildFile; fileRef = 72D098172BF16DE80021819E /* BookCoverView.swift */; };
		72D0981A2BF174CB0021819E /* RectangleLineView.swift in Sources */ = {isa = PBXBuildFile; fileRef = 72D098192BF174CB0021819E /* RectangleLineView.swift */; };
		72DAA9412C9CEE15001DAD75 /* StatisticsView.swift in Sources */ = {isa = PBXBuildFile; fileRef = 72DAA9402C9CEE15001DAD75 /* StatisticsView.swift */; };
		72DAA9432C9CEE1B001DAD75 /* NotificationsView.swift in Sources */ = {isa = PBXBuildFile; fileRef = 72DAA9422C9CEE1B001DAD75 /* NotificationsView.swift */; };
/* End PBXBuildFile section */

/* Begin PBXCopyFilesBuildPhase section */
		72AC47812CA64E80007E72DE /* Embed Foundation Extensions */ = {
			isa = PBXCopyFilesBuildPhase;
			buildActionMask = 2147483647;
			dstPath = "";
			dstSubfolderSpec = 13;
			files = (
			);
			name = "Embed Foundation Extensions";
			runOnlyForDeploymentPostprocessing = 0;
		};
/* End PBXCopyFilesBuildPhase section */

/* Begin PBXFileReference section */
		720A00192C9E768D00BD9A45 /* HelpAndSupportView.swift */ = {isa = PBXFileReference; lastKnownFileType = sourcecode.swift; path = HelpAndSupportView.swift; sourceTree = "<group>"; };
		720A001B2C9F775700BD9A45 /* MailComposer.swift */ = {isa = PBXFileReference; lastKnownFileType = sourcecode.swift; path = MailComposer.swift; sourceTree = "<group>"; };
		720A001D2C9FB21700BD9A45 /* QuickNote.swift */ = {isa = PBXFileReference; lastKnownFileType = sourcecode.swift; path = QuickNote.swift; sourceTree = "<group>"; };
		720A001F2C9FB9FE00BD9A45 /* AddQuickNoteView.swift */ = {isa = PBXFileReference; lastKnownFileType = sourcecode.swift; path = AddQuickNoteView.swift; sourceTree = "<group>"; };
		720A00222CA080D800BD9A45 /* NoteVisibility.swift */ = {isa = PBXFileReference; lastKnownFileType = sourcecode.swift; path = NoteVisibility.swift; sourceTree = "<group>"; };
		720A00242CA0961B00BD9A45 /* NoteTextView.swift */ = {isa = PBXFileReference; lastKnownFileType = sourcecode.swift; path = NoteTextView.swift; sourceTree = "<group>"; };
		720A002B2CA0FC8C00BD9A45 /* Goal.swift */ = {isa = PBXFileReference; lastKnownFileType = sourcecode.swift; path = Goal.swift; sourceTree = "<group>"; };
		720A002D2CA0FEE500BD9A45 /* GoalManager.swift */ = {isa = PBXFileReference; lastKnownFileType = sourcecode.swift; path = GoalManager.swift; sourceTree = "<group>"; };
		720A002F2CA1017900BD9A45 /* AddGoalView.swift */ = {isa = PBXFileReference; lastKnownFileType = sourcecode.swift; path = AddGoalView.swift; sourceTree = "<group>"; };
		720A00312CA1019000BD9A45 /* CurrentGoalsView.swift */ = {isa = PBXFileReference; lastKnownFileType = sourcecode.swift; path = CurrentGoalsView.swift; sourceTree = "<group>"; };
		720A00332CA1087B00BD9A45 /* ReminderManager.swift */ = {isa = PBXFileReference; lastKnownFileType = sourcecode.swift; path = ReminderManager.swift; sourceTree = "<group>"; };
		720A00352CA2581000BD9A45 /* DateManager.swift */ = {isa = PBXFileReference; lastKnownFileType = sourcecode.swift; path = DateManager.swift; sourceTree = "<group>"; };
		720B446C2CA5D421004B02FC /* PageManager.swift */ = {isa = PBXFileReference; lastKnownFileType = sourcecode.swift; path = PageManager.swift; sourceTree = "<group>"; };
		722662912C894ED70071162D /* CrimsonText-Regular.ttf */ = {isa = PBXFileReference; lastKnownFileType = file; path = "CrimsonText-Regular.ttf"; sourceTree = "<group>"; };
		722662942C894FFC0071162D /* CrimsonText-SemiBold.ttf */ = {isa = PBXFileReference; lastKnownFileType = file; path = "CrimsonText-SemiBold.ttf"; sourceTree = "<group>"; };
		722662982C8957C40071162D /* CrimsonText-Bold.ttf */ = {isa = PBXFileReference; lastKnownFileType = file; path = "CrimsonText-Bold.ttf"; sourceTree = "<group>"; };
		7226629D2C8A9D680071162D /* ContainerView.swift */ = {isa = PBXFileReference; lastKnownFileType = sourcecode.swift; path = ContainerView.swift; sourceTree = "<group>"; };
		7226629F2C8A9D790071162D /* SplashScreenView.swift */ = {isa = PBXFileReference; lastKnownFileType = sourcecode.swift; path = SplashScreenView.swift; sourceTree = "<group>"; };
		722662A32C8CAB4A0071162D /* StarRating.swift */ = {isa = PBXFileReference; lastKnownFileType = sourcecode.swift; path = StarRating.swift; sourceTree = "<group>"; };
		722662A52C8CAE030071162D /* StarRatingView.swift */ = {isa = PBXFileReference; lastKnownFileType = sourcecode.swift; path = StarRatingView.swift; sourceTree = "<group>"; };
		722662A92C8E87370071162D /* DMSans_18pt-Regular.ttf */ = {isa = PBXFileReference; lastKnownFileType = file; path = "DMSans_18pt-Regular.ttf"; sourceTree = "<group>"; };
		722662CD2C9250EC0071162D /* DonutChartView.swift */ = {isa = PBXFileReference; lastKnownFileType = sourcecode.swift; path = DonutChartView.swift; sourceTree = "<group>"; };
		722662D02C92717A0071162D /* NotificationsModel.swift */ = {isa = PBXFileReference; lastKnownFileType = sourcecode.swift; path = NotificationsModel.swift; sourceTree = "<group>"; };
		722662D52C9299E20071162D /* Image.swift */ = {isa = PBXFileReference; lastKnownFileType = sourcecode.swift; path = Image.swift; sourceTree = "<group>"; };
		722662D82C929B150071162D /* TitleModifier.swift */ = {isa = PBXFileReference; lastKnownFileType = sourcecode.swift; path = TitleModifier.swift; sourceTree = "<group>"; };
		722662DA2C929B940071162D /* View.swift */ = {isa = PBXFileReference; lastKnownFileType = sourcecode.swift; path = View.swift; sourceTree = "<group>"; };
		722662DC2C929CB70071162D /* PlaceholderModifier.swift */ = {isa = PBXFileReference; lastKnownFileType = sourcecode.swift; path = PlaceholderModifier.swift; sourceTree = "<group>"; };
		722662E02C929F160071162D /* CollectionTextModifier.swift */ = {isa = PBXFileReference; lastKnownFileType = sourcecode.swift; path = CollectionTextModifier.swift; sourceTree = "<group>"; };
		722662E52C92A11A0071162D /* Rectangle.swift */ = {isa = PBXFileReference; lastKnownFileType = sourcecode.swift; path = Rectangle.swift; sourceTree = "<group>"; };
		722662E82C9360660071162D /* FetchBookInfoViewModel.swift */ = {isa = PBXFileReference; lastKnownFileType = sourcecode.swift; path = FetchBookInfoViewModel.swift; sourceTree = "<group>"; };
		724070D42BEC6AAF00E1E07C /* myBookPal.app */ = {isa = PBXFileReference; explicitFileType = wrapper.application; includeInIndex = 0; path = myBookPal.app; sourceTree = BUILT_PRODUCTS_DIR; };
		724070D72BEC6AAF00E1E07C /* myBookPalApp.swift */ = {isa = PBXFileReference; lastKnownFileType = sourcecode.swift; path = myBookPalApp.swift; sourceTree = "<group>"; };
		724070DB2BEC6AAF00E1E07C /* Assets.xcassets */ = {isa = PBXFileReference; lastKnownFileType = folder.assetcatalog; path = Assets.xcassets; sourceTree = "<group>"; };
		724070DE2BEC6AAF00E1E07C /* Preview Assets.xcassets */ = {isa = PBXFileReference; lastKnownFileType = folder.assetcatalog; path = "Preview Assets.xcassets"; sourceTree = "<group>"; };
		724070EB2BED76CA00E1E07C /* AddView.swift */ = {isa = PBXFileReference; lastKnownFileType = sourcecode.swift; path = AddView.swift; sourceTree = "<group>"; };
		724070EF2BED774C00E1E07C /* TabsView.swift */ = {isa = PBXFileReference; lastKnownFileType = sourcecode.swift; path = TabsView.swift; sourceTree = "<group>"; };
		724070F32BED7A6000E1E07C /* SettingsView.swift */ = {isa = PBXFileReference; lastKnownFileType = sourcecode.swift; path = SettingsView.swift; sourceTree = "<group>"; };
		7248FF4B2C9C977500722F23 /* ProfileView.swift */ = {isa = PBXFileReference; lastKnownFileType = sourcecode.swift; path = ProfileView.swift; sourceTree = "<group>"; };
		7248FF522C9CBD5000722F23 /* PictureHandler.swift */ = {isa = PBXFileReference; lastKnownFileType = sourcecode.swift; path = PictureHandler.swift; sourceTree = "<group>"; };
		7248FF552C9CC35B00722F23 /* TransferableImage.swift */ = {isa = PBXFileReference; lastKnownFileType = sourcecode.swift; path = TransferableImage.swift; sourceTree = "<group>"; };
		7248FF5A2C9CE0CB00722F23 /* CustomArrowView.swift */ = {isa = PBXFileReference; lastKnownFileType = sourcecode.swift; path = CustomArrowView.swift; sourceTree = "<group>"; };
		7249626B2C2E380600F6411B /* SettingsRectangleLineView.swift */ = {isa = PBXFileReference; lastKnownFileType = sourcecode.swift; path = SettingsRectangleLineView.swift; sourceTree = "<group>"; };
		724BEAA12C96370B00B86198 /* Tag.swift */ = {isa = PBXFileReference; lastKnownFileType = sourcecode.swift; path = Tag.swift; sourceTree = "<group>"; };
		7259CABE2BFE45BD0039D778 /* CatagoryView.swift */ = {isa = PBXFileReference; lastKnownFileType = sourcecode.swift; path = CatagoryView.swift; sourceTree = "<group>"; };
		725D05442BF4FCB8001557A4 /* EmptyBookCoverView.swift */ = {isa = PBXFileReference; lastKnownFileType = sourcecode.swift; path = EmptyBookCoverView.swift; sourceTree = "<group>"; };
		725D054A2BF971E1001557A4 /* CompletedView.swift */ = {isa = PBXFileReference; lastKnownFileType = sourcecode.swift; path = CompletedView.swift; sourceTree = "<group>"; };
		725D054C2BF971E7001557A4 /* InProgressView.swift */ = {isa = PBXFileReference; lastKnownFileType = sourcecode.swift; path = InProgressView.swift; sourceTree = "<group>"; };
		725D054E2BF97FDB001557A4 /* Library.swift */ = {isa = PBXFileReference; lastKnownFileType = sourcecode.swift; path = Library.swift; sourceTree = "<group>"; };
		7266C6892BF45B6200022057 /* ContentView.swift */ = {isa = PBXFileReference; lastKnownFileType = sourcecode.swift; path = ContentView.swift; sourceTree = "<group>"; };
		728E7BA32BF0A37700A1D11B /* SearchView.swift */ = {isa = PBXFileReference; lastKnownFileType = sourcecode.swift; path = SearchView.swift; sourceTree = "<group>"; };
		72A8893D2C3A23520032A56C /* BackgroundBookCoverView.swift */ = {isa = PBXFileReference; lastKnownFileType = sourcecode.swift; path = BackgroundBookCoverView.swift; sourceTree = "<group>"; };
		72A8893F2C3F6FFE0032A56C /* NetworkMonitor.swift */ = {isa = PBXFileReference; lastKnownFileType = sourcecode.swift; path = NetworkMonitor.swift; sourceTree = "<group>"; };
		72AC47662CA6212A007E72DE /* GoalHistory.swift */ = {isa = PBXFileReference; lastKnownFileType = sourcecode.swift; path = GoalHistory.swift; sourceTree = "<group>"; };
		72AC476A2CA622DA007E72DE /* HistoryView.swift */ = {isa = PBXFileReference; lastKnownFileType = sourcecode.swift; path = HistoryView.swift; sourceTree = "<group>"; };
		72AC478C2CA8D14A007E72DE /* isbnScannerManager.swift */ = {isa = PBXFileReference; lastKnownFileType = sourcecode.swift; path = isbnScannerManager.swift; sourceTree = "<group>"; };
		72BB668E2C93F15A001F17BA /* LightTagViewModifier.swift */ = {isa = PBXFileReference; lastKnownFileType = sourcecode.swift; path = LightTagViewModifier.swift; sourceTree = "<group>"; };
		72BB66902C93F371001F17BA /* DarkerTagViewModifier.swift */ = {isa = PBXFileReference; lastKnownFileType = sourcecode.swift; path = DarkerTagViewModifier.swift; sourceTree = "<group>"; };
		72BB66922C93F782001F17BA /* RowOneView.swift */ = {isa = PBXFileReference; lastKnownFileType = sourcecode.swift; path = RowOneView.swift; sourceTree = "<group>"; };
		72BB66942C93F7A2001F17BA /* RowTwoView.swift */ = {isa = PBXFileReference; lastKnownFileType = sourcecode.swift; path = RowTwoView.swift; sourceTree = "<group>"; };
		72BB66962C93F7AD001F17BA /* RowThreeView.swift */ = {isa = PBXFileReference; lastKnownFileType = sourcecode.swift; path = RowThreeView.swift; sourceTree = "<group>"; };
		72BB66982C93F7B4001F17BA /* RowFourView.swift */ = {isa = PBXFileReference; lastKnownFileType = sourcecode.swift; path = RowFourView.swift; sourceTree = "<group>"; };
		72BBD34B2BF29EB2006BC431 /* AddLogEntryView.swift */ = {isa = PBXFileReference; lastKnownFileType = sourcecode.swift; path = AddLogEntryView.swift; sourceTree = "<group>"; };
		72BBD34F2BF2A64C006BC431 /* Log.swift */ = {isa = PBXFileReference; lastKnownFileType = sourcecode.swift; path = Log.swift; sourceTree = "<group>"; };
		72C4CD3B2C9A7EF800730327 /* DateTracker.swift */ = {isa = PBXFileReference; lastKnownFileType = sourcecode.swift; path = DateTracker.swift; sourceTree = "<group>"; };
		72C4CD3F2C9B6F8300730327 /* TagTextViewModifier.swift */ = {isa = PBXFileReference; lastKnownFileType = sourcecode.swift; path = TagTextViewModifier.swift; sourceTree = "<group>"; };
		72D097F72BF160D40021819E /* LogView.swift */ = {isa = PBXFileReference; lastKnownFileType = sourcecode.swift; path = LogView.swift; sourceTree = "<group>"; };
		72D098082BF168D50021819E /* Book.swift */ = {isa = PBXFileReference; lastKnownFileType = sourcecode.swift; path = Book.swift; sourceTree = "<group>"; };
		72D0980B2BF1692D0021819E /* BookItem.swift */ = {isa = PBXFileReference; fileEncoding = 4; lastKnownFileType = sourcecode.swift; path = BookItem.swift; sourceTree = "<group>"; };
		72D0980C2BF1692D0021819E /* BookResponse.swift */ = {isa = PBXFileReference; fileEncoding = 4; lastKnownFileType = sourcecode.swift; path = BookResponse.swift; sourceTree = "<group>"; };
		72D0980E2BF1692D0021819E /* ImageLinks.swift */ = {isa = PBXFileReference; fileEncoding = 4; lastKnownFileType = sourcecode.swift; path = ImageLinks.swift; sourceTree = "<group>"; };
		72D0980F2BF1692D0021819E /* VolumeInfo.swift */ = {isa = PBXFileReference; fileEncoding = 4; lastKnownFileType = sourcecode.swift; path = VolumeInfo.swift; sourceTree = "<group>"; };
		72D098172BF16DE80021819E /* BookCoverView.swift */ = {isa = PBXFileReference; lastKnownFileType = sourcecode.swift; path = BookCoverView.swift; sourceTree = "<group>"; };
		72D098192BF174CB0021819E /* RectangleLineView.swift */ = {isa = PBXFileReference; lastKnownFileType = sourcecode.swift; path = RectangleLineView.swift; sourceTree = "<group>"; };
		72DAA9402C9CEE15001DAD75 /* StatisticsView.swift */ = {isa = PBXFileReference; lastKnownFileType = sourcecode.swift; path = StatisticsView.swift; sourceTree = "<group>"; };
		72DAA9422C9CEE1B001DAD75 /* NotificationsView.swift */ = {isa = PBXFileReference; lastKnownFileType = sourcecode.swift; path = NotificationsView.swift; sourceTree = "<group>"; };
/* End PBXFileReference section */

/* Begin PBXFrameworksBuildPhase section */
		724070D12BEC6AAF00E1E07C /* Frameworks */ = {
			isa = PBXFrameworksBuildPhase;
			buildActionMask = 2147483647;
			files = (
				7226629C2C895AF50071162D /* SDWebImageSwiftUI in Frameworks */,
				725D05612BFBA841001557A4 /* SlidingTabView in Frameworks */,
				72AC47902CA8ECCB007E72DE /* CodeScanner in Frameworks */,
			);
			runOnlyForDeploymentPostprocessing = 0;
		};
/* End PBXFrameworksBuildPhase section */

/* Begin PBXGroup section */
		720A00212CA080BA00BD9A45 /* ViewModel */ = {
			isa = PBXGroup;
			children = (
				72C4CD3B2C9A7EF800730327 /* DateTracker.swift */,
				720A00222CA080D800BD9A45 /* NoteVisibility.swift */,
			);
			path = ViewModel;
			sourceTree = "<group>";
		};
		720A00262CA0FBBB00BD9A45 /* Goals */ = {
			isa = PBXGroup;
			children = (
				720A00272CA0FC2100BD9A45 /* Model */,
				720A002A2CA0FC3100BD9A45 /* ViewModel */,
				720A00282CA0FC2500BD9A45 /* ViewModifiers */,
				720A00292CA0FC2900BD9A45 /* Views */,
			);
			path = Goals;
			sourceTree = "<group>";
		};
		720A00272CA0FC2100BD9A45 /* Model */ = {
			isa = PBXGroup;
			children = (
				720A002B2CA0FC8C00BD9A45 /* Goal.swift */,
				72AC47662CA6212A007E72DE /* GoalHistory.swift */,
			);
			path = Model;
			sourceTree = "<group>";
		};
		720A00282CA0FC2500BD9A45 /* ViewModifiers */ = {
			isa = PBXGroup;
			children = (
			);
			path = ViewModifiers;
			sourceTree = "<group>";
		};
		720A00292CA0FC2900BD9A45 /* Views */ = {
			isa = PBXGroup;
			children = (
				720A002F2CA1017900BD9A45 /* AddGoalView.swift */,
				720A00312CA1019000BD9A45 /* CurrentGoalsView.swift */,
				72AC476A2CA622DA007E72DE /* HistoryView.swift */,
			);
			path = Views;
			sourceTree = "<group>";
		};
		720A002A2CA0FC3100BD9A45 /* ViewModel */ = {
			isa = PBXGroup;
			children = (
				720A002D2CA0FEE500BD9A45 /* GoalManager.swift */,
				720A00332CA1087B00BD9A45 /* ReminderManager.swift */,
				720A00352CA2581000BD9A45 /* DateManager.swift */,
				720B446C2CA5D421004B02FC /* PageManager.swift */,
			);
			path = ViewModel;
			sourceTree = "<group>";
		};
		7226628F2C894A950071162D /* Extensions */ = {
			isa = PBXGroup;
			children = (
				722662D52C9299E20071162D /* Image.swift */,
				722662DA2C929B940071162D /* View.swift */,
				722662E52C92A11A0071162D /* Rectangle.swift */,
			);
			path = Extensions;
			sourceTree = "<group>";
		};
		722662902C894CCD0071162D /* Fonts */ = {
			isa = PBXGroup;
			children = (
				722662942C894FFC0071162D /* CrimsonText-SemiBold.ttf */,
				722662912C894ED70071162D /* CrimsonText-Regular.ttf */,
				722662A92C8E87370071162D /* DMSans_18pt-Regular.ttf */,
				722662982C8957C40071162D /* CrimsonText-Bold.ttf */,
			);
			path = Fonts;
			sourceTree = "<group>";
		};
		722662B12C8FBE950071162D /* Resources */ = {
			isa = PBXGroup;
			children = (
				724070DB2BEC6AAF00E1E07C /* Assets.xcassets */,
				722662902C894CCD0071162D /* Fonts */,
				724070DD2BEC6AAF00E1E07C /* Preview Content */,
			);
			path = Resources;
			sourceTree = "<group>";
		};
		722662B22C8FC0680071162D /* Networking */ = {
			isa = PBXGroup;
			children = (
				722662B32C8FC06F0071162D /* Services */,
			);
			path = Networking;
			sourceTree = "<group>";
		};
		722662B32C8FC06F0071162D /* Services */ = {
			isa = PBXGroup;
			children = (
				722662EA2C93616F0071162D /* ViewModel */,
				72D098102BF1692D0021819E /* API */,
				728B62EC2C8945B600A12046 /* Network */,
			);
			path = Services;
			sourceTree = "<group>";
		};
		722662B42C8FC1D70071162D /* Views */ = {
			isa = PBXGroup;
			children = (
				728E7BA32BF0A37700A1D11B /* SearchView.swift */,
				724070EB2BED76CA00E1E07C /* AddView.swift */,
				72A8893D2C3A23520032A56C /* BackgroundBookCoverView.swift */,
				72D098172BF16DE80021819E /* BookCoverView.swift */,
				72D098192BF174CB0021819E /* RectangleLineView.swift */,
				725D05442BF4FCB8001557A4 /* EmptyBookCoverView.swift */,
			);
			path = Views;
			sourceTree = "<group>";
		};
		722662B62C8FC1E60071162D /* Views */ = {
			isa = PBXGroup;
			children = (
				725D054A2BF971E1001557A4 /* CompletedView.swift */,
				725D054C2BF971E7001557A4 /* InProgressView.swift */,
				7259CABE2BFE45BD0039D778 /* CatagoryView.swift */,
			);
			path = Views;
			sourceTree = "<group>";
		};
		722662B72C8FC24B0071162D /* Views */ = {
			isa = PBXGroup;
			children = (
				7226629F2C8A9D790071162D /* SplashScreenView.swift */,
				724070EF2BED774C00E1E07C /* TabsView.swift */,
			);
			path = Views;
			sourceTree = "<group>";
		};
		722662B82C8FC2600071162D /* Views */ = {
			isa = PBXGroup;
			children = (
				7226629D2C8A9D680071162D /* ContainerView.swift */,
			);
			path = Views;
			sourceTree = "<group>";
		};
		722662B92C8FC2AF0071162D /* Collection */ = {
			isa = PBXGroup;
			children = (
				722662D72C929AFB0071162D /* ViewModifiers */,
				722662BA2C8FC2B50071162D /* Views */,
			);
			path = Collection;
			sourceTree = "<group>";
		};
		722662BA2C8FC2B50071162D /* Views */ = {
			isa = PBXGroup;
			children = (
				7266C6892BF45B6200022057 /* ContentView.swift */,
			);
			path = Views;
			sourceTree = "<group>";
		};
		722662C12C9127000071162D /* Views */ = {
			isa = PBXGroup;
			children = (
				72D097F72BF160D40021819E /* LogView.swift */,
				72BBD34B2BF29EB2006BC431 /* AddLogEntryView.swift */,
				722662A52C8CAE030071162D /* StarRatingView.swift */,
				72BB66922C93F782001F17BA /* RowOneView.swift */,
				72BB66942C93F7A2001F17BA /* RowTwoView.swift */,
				72BB66962C93F7AD001F17BA /* RowThreeView.swift */,
				72BB66982C93F7B4001F17BA /* RowFourView.swift */,
				720A001F2C9FB9FE00BD9A45 /* AddQuickNoteView.swift */,
				720A00242CA0961B00BD9A45 /* NoteTextView.swift */,
			);
			path = Views;
			sourceTree = "<group>";
		};
		722662D72C929AFB0071162D /* ViewModifiers */ = {
			isa = PBXGroup;
			children = (
				722662D82C929B150071162D /* TitleModifier.swift */,
				722662DC2C929CB70071162D /* PlaceholderModifier.swift */,
				722662E02C929F160071162D /* CollectionTextModifier.swift */,
			);
			path = ViewModifiers;
			sourceTree = "<group>";
		};
		722662EA2C93616F0071162D /* ViewModel */ = {
			isa = PBXGroup;
			children = (
				722662E82C9360660071162D /* FetchBookInfoViewModel.swift */,
			);
			path = ViewModel;
			sourceTree = "<group>";
		};
		724070CB2BEC6AAF00E1E07C = {
			isa = PBXGroup;
			children = (
				724070D62BEC6AAF00E1E07C /* myBookPal */,
				724070D52BEC6AAF00E1E07C /* Products */,
			);
			sourceTree = "<group>";
		};
		724070D52BEC6AAF00E1E07C /* Products */ = {
			isa = PBXGroup;
			children = (
				724070D42BEC6AAF00E1E07C /* myBookPal.app */,
			);
			name = Products;
			sourceTree = "<group>";
		};
		724070D62BEC6AAF00E1E07C /* myBookPal */ = {
			isa = PBXGroup;
			children = (
				728B62EA2C89459700A12046 /* App */,
				728B62F22C89464800A12046 /* Core */,
				7226628F2C894A950071162D /* Extensions */,
				722662B22C8FC0680071162D /* Networking */,
				722662B12C8FBE950071162D /* Resources */,
			);
			path = myBookPal;
			sourceTree = "<group>";
		};
		724070DD2BEC6AAF00E1E07C /* Preview Content */ = {
			isa = PBXGroup;
			children = (
				724070DE2BEC6AAF00E1E07C /* Preview Assets.xcassets */,
			);
			path = "Preview Content";
			sourceTree = "<group>";
		};
		7248FF452C9C952D00722F23 /* Profile */ = {
			isa = PBXGroup;
			children = (
				7248FF542C9CC34C00722F23 /* Protocol */,
				7248FF512C9CBD4000722F23 /* ViewModel */,
				7248FF482C9C954200722F23 /* ViewModifiers */,
				7248FF472C9C953D00722F23 /* Views */,
			);
			path = Profile;
			sourceTree = "<group>";
		};
		7248FF472C9C953D00722F23 /* Views */ = {
			isa = PBXGroup;
			children = (
				7248FF4B2C9C977500722F23 /* ProfileView.swift */,
				7248FF5A2C9CE0CB00722F23 /* CustomArrowView.swift */,
				72DAA9402C9CEE15001DAD75 /* StatisticsView.swift */,
				724070F32BED7A6000E1E07C /* SettingsView.swift */,
				722662CD2C9250EC0071162D /* DonutChartView.swift */,
				7249626B2C2E380600F6411B /* SettingsRectangleLineView.swift */,
				72DAA9422C9CEE1B001DAD75 /* NotificationsView.swift */,
				720A00192C9E768D00BD9A45 /* HelpAndSupportView.swift */,
			);
			path = Views;
			sourceTree = "<group>";
		};
		7248FF482C9C954200722F23 /* ViewModifiers */ = {
			isa = PBXGroup;
			children = (
			);
			path = ViewModifiers;
			sourceTree = "<group>";
		};
		7248FF512C9CBD4000722F23 /* ViewModel */ = {
			isa = PBXGroup;
			children = (
				722662D02C92717A0071162D /* NotificationsModel.swift */,
				7248FF522C9CBD5000722F23 /* PictureHandler.swift */,
				720A001B2C9F775700BD9A45 /* MailComposer.swift */,
			);
			path = ViewModel;
			sourceTree = "<group>";
		};
		7248FF542C9CC34C00722F23 /* Protocol */ = {
			isa = PBXGroup;
			children = (
				7248FF552C9CC35B00722F23 /* TransferableImage.swift */,
			);
			path = Protocol;
			sourceTree = "<group>";
		};
		724BEAA02C96370000B86198 /* Model */ = {
			isa = PBXGroup;
			children = (
				722662A32C8CAB4A0071162D /* StarRating.swift */,
				72BBD34F2BF2A64C006BC431 /* Log.swift */,
				724BEAA12C96370B00B86198 /* Tag.swift */,
				720A001D2C9FB21700BD9A45 /* QuickNote.swift */,
			);
			path = Model;
			sourceTree = "<group>";
		};
		7266C68B2BF45CF800022057 /* Log */ = {
			isa = PBXGroup;
			children = (
				720A00212CA080BA00BD9A45 /* ViewModel */,
				724BEAA02C96370000B86198 /* Model */,
				72BB668D2C93F142001F17BA /* ViewModifier */,
				722662C12C9127000071162D /* Views */,
			);
			path = Log;
			sourceTree = "<group>";
		};
		7266C68C2BF45D1500022057 /* Search */ = {
			isa = PBXGroup;
			children = (
				72AC478B2CA8D13A007E72DE /* ViewModel */,
				722662B42C8FC1D70071162D /* Views */,
			);
			path = Search;
			sourceTree = "<group>";
		};
		728B62EA2C89459700A12046 /* App */ = {
			isa = PBXGroup;
			children = (
				724070D72BEC6AAF00E1E07C /* myBookPalApp.swift */,
			);
			path = App;
			sourceTree = "<group>";
		};
		728B62EB2C89459E00A12046 /* Main */ = {
			isa = PBXGroup;
			children = (
				72D098072BF168CB0021819E /* Model */,
				722662B82C8FC2600071162D /* Views */,
			);
			path = Main;
			sourceTree = "<group>";
		};
		728B62EC2C8945B600A12046 /* Network */ = {
			isa = PBXGroup;
			children = (
				72A8893F2C3F6FFE0032A56C /* NetworkMonitor.swift */,
			);
			path = Network;
			sourceTree = "<group>";
		};
		728B62ED2C8945CB00A12046 /* Book */ = {
			isa = PBXGroup;
			children = (
				72D098082BF168D50021819E /* Book.swift */,
				725D054E2BF97FDB001557A4 /* Library.swift */,
			);
			path = Book;
			sourceTree = "<group>";
		};
		728B62F02C89462B00A12046 /* Category */ = {
			isa = PBXGroup;
			children = (
				722662B62C8FC1E60071162D /* Views */,
			);
			path = Category;
			sourceTree = "<group>";
		};
		728B62F12C89463200A12046 /* Launch */ = {
			isa = PBXGroup;
			children = (
				722662B72C8FC24B0071162D /* Views */,
			);
			path = Launch;
			sourceTree = "<group>";
		};
		728B62F22C89464800A12046 /* Core */ = {
			isa = PBXGroup;
			children = (
				720A00262CA0FBBB00BD9A45 /* Goals */,
				7248FF452C9C952D00722F23 /* Profile */,
				728B62F02C89462B00A12046 /* Category */,
				722662B92C8FC2AF0071162D /* Collection */,
				728B62F12C89463200A12046 /* Launch */,
				7266C68B2BF45CF800022057 /* Log */,
				728B62EB2C89459E00A12046 /* Main */,
				7266C68C2BF45D1500022057 /* Search */,
			);
			path = Core;
			sourceTree = "<group>";
		};
		72AC478B2CA8D13A007E72DE /* ViewModel */ = {
			isa = PBXGroup;
			children = (
				72AC478C2CA8D14A007E72DE /* isbnScannerManager.swift */,
			);
			path = ViewModel;
			sourceTree = "<group>";
		};
		72BB668D2C93F142001F17BA /* ViewModifier */ = {
			isa = PBXGroup;
			children = (
				72BB668E2C93F15A001F17BA /* LightTagViewModifier.swift */,
				72BB66902C93F371001F17BA /* DarkerTagViewModifier.swift */,
				72C4CD3F2C9B6F8300730327 /* TagTextViewModifier.swift */,
			);
			path = ViewModifier;
			sourceTree = "<group>";
		};
		72D098072BF168CB0021819E /* Model */ = {
			isa = PBXGroup;
			children = (
				728B62ED2C8945CB00A12046 /* Book */,
			);
			path = Model;
			sourceTree = "<group>";
		};
		72D098102BF1692D0021819E /* API */ = {
			isa = PBXGroup;
			children = (
				72D0980B2BF1692D0021819E /* BookItem.swift */,
				72D0980C2BF1692D0021819E /* BookResponse.swift */,
				72D0980E2BF1692D0021819E /* ImageLinks.swift */,
				72D0980F2BF1692D0021819E /* VolumeInfo.swift */,
			);
			name = API;
			path = myBookPal/Networking/Services/API;
			sourceTree = SOURCE_ROOT;
		};
/* End PBXGroup section */

/* Begin PBXNativeTarget section */
		724070D32BEC6AAF00E1E07C /* myBookPal */ = {
			isa = PBXNativeTarget;
			buildConfigurationList = 724070E22BEC6AAF00E1E07C /* Build configuration list for PBXNativeTarget "myBookPal" */;
			buildPhases = (
				724070D02BEC6AAF00E1E07C /* Sources */,
				724070D12BEC6AAF00E1E07C /* Frameworks */,
				724070D22BEC6AAF00E1E07C /* Resources */,
				72AC47812CA64E80007E72DE /* Embed Foundation Extensions */,
			);
			buildRules = (
			);
			dependencies = (
			);
			name = myBookPal;
			packageProductDependencies = (
				725D05602BFBA841001557A4 /* SlidingTabView */,
				7226629B2C895AF50071162D /* SDWebImageSwiftUI */,
				72AC478F2CA8ECCB007E72DE /* CodeScanner */,
			);
			productName = myBookPal;
			productReference = 724070D42BEC6AAF00E1E07C /* myBookPal.app */;
			productType = "com.apple.product-type.application";
		};
/* End PBXNativeTarget section */

/* Begin PBXProject section */
		724070CC2BEC6AAF00E1E07C /* Project object */ = {
			isa = PBXProject;
			attributes = {
				BuildIndependentTargetsInParallel = 1;
				LastSwiftUpdateCheck = 1600;
				LastUpgradeCheck = 1530;
				TargetAttributes = {
					724070D32BEC6AAF00E1E07C = {
						CreatedOnToolsVersion = 15.3;
					};
				};
			};
			buildConfigurationList = 724070CF2BEC6AAF00E1E07C /* Build configuration list for PBXProject "myBookPal" */;
			compatibilityVersion = "Xcode 14.0";
			developmentRegion = en;
			hasScannedForEncodings = 0;
			knownRegions = (
				en,
				Base,
			);
			mainGroup = 724070CB2BEC6AAF00E1E07C;
			packageReferences = (
				725D055F2BFBA841001557A4 /* XCRemoteSwiftPackageReference "SlidingTabView" */,
				7226629A2C895AF50071162D /* XCRemoteSwiftPackageReference "SDWebImageSwiftUI" */,
				72AC478E2CA8ECCB007E72DE /* XCRemoteSwiftPackageReference "CodeScanner" */,
			);
			productRefGroup = 724070D52BEC6AAF00E1E07C /* Products */;
			projectDirPath = "";
			projectRoot = "";
			targets = (
				724070D32BEC6AAF00E1E07C /* myBookPal */,
			);
		};
/* End PBXProject section */

/* Begin PBXResourcesBuildPhase section */
		724070D22BEC6AAF00E1E07C /* Resources */ = {
			isa = PBXResourcesBuildPhase;
			buildActionMask = 2147483647;
			files = (
				722662AA2C8E87370071162D /* DMSans_18pt-Regular.ttf in Resources */,
				722662962C8956EA0071162D /* CrimsonText-SemiBold.ttf in Resources */,
				724070DF2BEC6AAF00E1E07C /* Preview Assets.xcassets in Resources */,
				722662972C8956ED0071162D /* CrimsonText-Regular.ttf in Resources */,
				724070DC2BEC6AAF00E1E07C /* Assets.xcassets in Resources */,
				722662992C8957C40071162D /* CrimsonText-Bold.ttf in Resources */,
			);
			runOnlyForDeploymentPostprocessing = 0;
		};
/* End PBXResourcesBuildPhase section */

/* Begin PBXSourcesBuildPhase section */
		724070D02BEC6AAF00E1E07C /* Sources */ = {
			isa = PBXSourcesBuildPhase;
			buildActionMask = 2147483647;
			files = (
				722662E62C92A11A0071162D /* Rectangle.swift in Sources */,
				72D097F82BF160D40021819E /* LogView.swift in Sources */,
				722662A02C8A9D790071162D /* SplashScreenView.swift in Sources */,
				72BB66992C93F7B4001F17BA /* RowFourView.swift in Sources */,
				72A889402C3F6FFE0032A56C /* NetworkMonitor.swift in Sources */,
				720A001E2C9FB21700BD9A45 /* QuickNote.swift in Sources */,
				722662E12C929F160071162D /* CollectionTextModifier.swift in Sources */,
				72BB66912C93F371001F17BA /* DarkerTagViewModifier.swift in Sources */,
				722662D92C929B150071162D /* TitleModifier.swift in Sources */,
				72BB668F2C93F15A001F17BA /* LightTagViewModifier.swift in Sources */,
				722662DB2C929B940071162D /* View.swift in Sources */,
				720B446D2CA5D421004B02FC /* PageManager.swift in Sources */,
				7248FF562C9CC35B00722F23 /* TransferableImage.swift in Sources */,
				72AC476B2CA622DA007E72DE /* HistoryView.swift in Sources */,
				724070EC2BED76CA00E1E07C /* AddView.swift in Sources */,
				720A001C2C9F775700BD9A45 /* MailComposer.swift in Sources */,
				72D098122BF1692D0021819E /* BookItem.swift in Sources */,
				724070F42BED7A6000E1E07C /* SettingsView.swift in Sources */,
				72D098162BF1692D0021819E /* VolumeInfo.swift in Sources */,
				728E7BA42BF0A37700A1D11B /* SearchView.swift in Sources */,
				725D05452BF4FCB8001557A4 /* EmptyBookCoverView.swift in Sources */,
				722662D62C9299E20071162D /* Image.swift in Sources */,
				725D054F2BF97FDB001557A4 /* Library.swift in Sources */,
				7248FF532C9CBD5000722F23 /* PictureHandler.swift in Sources */,
				7266C68A2BF45B6200022057 /* ContentView.swift in Sources */,
				725D054B2BF971E1001557A4 /* CompletedView.swift in Sources */,
				72BB66932C93F782001F17BA /* RowOneView.swift in Sources */,
				720A00252CA0961B00BD9A45 /* NoteTextView.swift in Sources */,
				72BBD3502BF2A64C006BC431 /* Log.swift in Sources */,
				720A00302CA1017900BD9A45 /* AddGoalView.swift in Sources */,
				72C4CD3C2C9A7EF800730327 /* DateTracker.swift in Sources */,
				720A001A2C9E768D00BD9A45 /* HelpAndSupportView.swift in Sources */,
				72A8893E2C3A23520032A56C /* BackgroundBookCoverView.swift in Sources */,
				722662A42C8CAB4A0071162D /* StarRating.swift in Sources */,
				7248FF4C2C9C977500722F23 /* ProfileView.swift in Sources */,
				72BBD34C2BF29EB2006BC431 /* AddLogEntryView.swift in Sources */,
				72AC478D2CA8D14A007E72DE /* isbnScannerManager.swift in Sources */,
				720A00202C9FB9FE00BD9A45 /* AddQuickNoteView.swift in Sources */,
				72DAA9412C9CEE15001DAD75 /* StatisticsView.swift in Sources */,
				725D054D2BF971E7001557A4 /* InProgressView.swift in Sources */,
				720A00362CA2581000BD9A45 /* DateManager.swift in Sources */,
				72BB66952C93F7A2001F17BA /* RowTwoView.swift in Sources */,
				72D098092BF168D50021819E /* Book.swift in Sources */,
				722662DD2C929CB70071162D /* PlaceholderModifier.swift in Sources */,
				720A00232CA080D800BD9A45 /* NoteVisibility.swift in Sources */,
				72AC47672CA6212A007E72DE /* GoalHistory.swift in Sources */,
				720A00322CA1019000BD9A45 /* CurrentGoalsView.swift in Sources */,
				72DAA9432C9CEE1B001DAD75 /* NotificationsView.swift in Sources */,
				72D098182BF16DE80021819E /* BookCoverView.swift in Sources */,
				7248FF5B2C9CE0CB00722F23 /* CustomArrowView.swift in Sources */,
				720A00342CA1087B00BD9A45 /* ReminderManager.swift in Sources */,
				722662CE2C9250EC0071162D /* DonutChartView.swift in Sources */,
				724070F02BED774C00E1E07C /* TabsView.swift in Sources */,
				724070D82BEC6AAF00E1E07C /* myBookPalApp.swift in Sources */,
				722662E92C9360660071162D /* FetchBookInfoViewModel.swift in Sources */,
				7249626C2C2E380600F6411B /* SettingsRectangleLineView.swift in Sources */,
				72C4CD402C9B6F8300730327 /* TagTextViewModifier.swift in Sources */,
				722662D12C92717A0071162D /* NotificationsModel.swift in Sources */,
				7226629E2C8A9D680071162D /* ContainerView.swift in Sources */,
				72BB66972C93F7AD001F17BA /* RowThreeView.swift in Sources */,
				72D098132BF1692D0021819E /* BookResponse.swift in Sources */,
				7259CABF2BFE45BD0039D778 /* CatagoryView.swift in Sources */,
				72D098152BF1692D0021819E /* ImageLinks.swift in Sources */,
				724BEAA22C96370B00B86198 /* Tag.swift in Sources */,
				720A002C2CA0FC8C00BD9A45 /* Goal.swift in Sources */,
				72D0981A2BF174CB0021819E /* RectangleLineView.swift in Sources */,
				720A002E2CA0FEE500BD9A45 /* GoalManager.swift in Sources */,
				722662A62C8CAE030071162D /* StarRatingView.swift in Sources */,
			);
			runOnlyForDeploymentPostprocessing = 0;
		};
/* End PBXSourcesBuildPhase section */

/* Begin XCBuildConfiguration section */
		724070E02BEC6AAF00E1E07C /* Debug */ = {
			isa = XCBuildConfiguration;
			buildSettings = {
				ALWAYS_SEARCH_USER_PATHS = NO;
				ASSETCATALOG_COMPILER_GENERATE_SWIFT_ASSET_SYMBOL_EXTENSIONS = YES;
				CLANG_ANALYZER_NONNULL = YES;
				CLANG_ANALYZER_NUMBER_OBJECT_CONVERSION = YES_AGGRESSIVE;
				CLANG_CXX_LANGUAGE_STANDARD = "gnu++20";
				CLANG_ENABLE_MODULES = YES;
				CLANG_ENABLE_OBJC_ARC = YES;
				CLANG_ENABLE_OBJC_WEAK = YES;
				CLANG_WARN_BLOCK_CAPTURE_AUTORELEASING = YES;
				CLANG_WARN_BOOL_CONVERSION = YES;
				CLANG_WARN_COMMA = YES;
				CLANG_WARN_CONSTANT_CONVERSION = YES;
				CLANG_WARN_DEPRECATED_OBJC_IMPLEMENTATIONS = YES;
				CLANG_WARN_DIRECT_OBJC_ISA_USAGE = YES_ERROR;
				CLANG_WARN_DOCUMENTATION_COMMENTS = YES;
				CLANG_WARN_EMPTY_BODY = YES;
				CLANG_WARN_ENUM_CONVERSION = YES;
				CLANG_WARN_INFINITE_RECURSION = YES;
				CLANG_WARN_INT_CONVERSION = YES;
				CLANG_WARN_NON_LITERAL_NULL_CONVERSION = YES;
				CLANG_WARN_OBJC_IMPLICIT_RETAIN_SELF = YES;
				CLANG_WARN_OBJC_LITERAL_CONVERSION = YES;
				CLANG_WARN_OBJC_ROOT_CLASS = YES_ERROR;
				CLANG_WARN_QUOTED_INCLUDE_IN_FRAMEWORK_HEADER = YES;
				CLANG_WARN_RANGE_LOOP_ANALYSIS = YES;
				CLANG_WARN_STRICT_PROTOTYPES = YES;
				CLANG_WARN_SUSPICIOUS_MOVE = YES;
				CLANG_WARN_UNGUARDED_AVAILABILITY = YES_AGGRESSIVE;
				CLANG_WARN_UNREACHABLE_CODE = YES;
				CLANG_WARN__DUPLICATE_METHOD_MATCH = YES;
				COPY_PHASE_STRIP = NO;
				DEBUG_INFORMATION_FORMAT = dwarf;
				ENABLE_STRICT_OBJC_MSGSEND = YES;
				ENABLE_TESTABILITY = YES;
				ENABLE_USER_SCRIPT_SANDBOXING = YES;
				GCC_C_LANGUAGE_STANDARD = gnu17;
				GCC_DYNAMIC_NO_PIC = NO;
				GCC_NO_COMMON_BLOCKS = YES;
				GCC_OPTIMIZATION_LEVEL = 0;
				GCC_PREPROCESSOR_DEFINITIONS = (
					"DEBUG=1",
					"$(inherited)",
				);
				GCC_WARN_64_TO_32_BIT_CONVERSION = YES;
				GCC_WARN_ABOUT_RETURN_TYPE = YES_ERROR;
				GCC_WARN_UNDECLARED_SELECTOR = YES;
				GCC_WARN_UNINITIALIZED_AUTOS = YES_AGGRESSIVE;
				GCC_WARN_UNUSED_FUNCTION = YES;
				GCC_WARN_UNUSED_VARIABLE = YES;
				IPHONEOS_DEPLOYMENT_TARGET = 17.4;
				LOCALIZATION_PREFERS_STRING_CATALOGS = YES;
				MTL_ENABLE_DEBUG_INFO = INCLUDE_SOURCE;
				MTL_FAST_MATH = YES;
				ONLY_ACTIVE_ARCH = YES;
				SDKROOT = iphoneos;
				SWIFT_ACTIVE_COMPILATION_CONDITIONS = "DEBUG $(inherited)";
				SWIFT_OPTIMIZATION_LEVEL = "-Onone";
			};
			name = Debug;
		};
		724070E12BEC6AAF00E1E07C /* Release */ = {
			isa = XCBuildConfiguration;
			buildSettings = {
				ALWAYS_SEARCH_USER_PATHS = NO;
				ASSETCATALOG_COMPILER_GENERATE_SWIFT_ASSET_SYMBOL_EXTENSIONS = YES;
				CLANG_ANALYZER_NONNULL = YES;
				CLANG_ANALYZER_NUMBER_OBJECT_CONVERSION = YES_AGGRESSIVE;
				CLANG_CXX_LANGUAGE_STANDARD = "gnu++20";
				CLANG_ENABLE_MODULES = YES;
				CLANG_ENABLE_OBJC_ARC = YES;
				CLANG_ENABLE_OBJC_WEAK = YES;
				CLANG_WARN_BLOCK_CAPTURE_AUTORELEASING = YES;
				CLANG_WARN_BOOL_CONVERSION = YES;
				CLANG_WARN_COMMA = YES;
				CLANG_WARN_CONSTANT_CONVERSION = YES;
				CLANG_WARN_DEPRECATED_OBJC_IMPLEMENTATIONS = YES;
				CLANG_WARN_DIRECT_OBJC_ISA_USAGE = YES_ERROR;
				CLANG_WARN_DOCUMENTATION_COMMENTS = YES;
				CLANG_WARN_EMPTY_BODY = YES;
				CLANG_WARN_ENUM_CONVERSION = YES;
				CLANG_WARN_INFINITE_RECURSION = YES;
				CLANG_WARN_INT_CONVERSION = YES;
				CLANG_WARN_NON_LITERAL_NULL_CONVERSION = YES;
				CLANG_WARN_OBJC_IMPLICIT_RETAIN_SELF = YES;
				CLANG_WARN_OBJC_LITERAL_CONVERSION = YES;
				CLANG_WARN_OBJC_ROOT_CLASS = YES_ERROR;
				CLANG_WARN_QUOTED_INCLUDE_IN_FRAMEWORK_HEADER = YES;
				CLANG_WARN_RANGE_LOOP_ANALYSIS = YES;
				CLANG_WARN_STRICT_PROTOTYPES = YES;
				CLANG_WARN_SUSPICIOUS_MOVE = YES;
				CLANG_WARN_UNGUARDED_AVAILABILITY = YES_AGGRESSIVE;
				CLANG_WARN_UNREACHABLE_CODE = YES;
				CLANG_WARN__DUPLICATE_METHOD_MATCH = YES;
				COPY_PHASE_STRIP = NO;
				DEBUG_INFORMATION_FORMAT = "dwarf-with-dsym";
				ENABLE_NS_ASSERTIONS = NO;
				ENABLE_STRICT_OBJC_MSGSEND = YES;
				ENABLE_USER_SCRIPT_SANDBOXING = YES;
				GCC_C_LANGUAGE_STANDARD = gnu17;
				GCC_NO_COMMON_BLOCKS = YES;
				GCC_WARN_64_TO_32_BIT_CONVERSION = YES;
				GCC_WARN_ABOUT_RETURN_TYPE = YES_ERROR;
				GCC_WARN_UNDECLARED_SELECTOR = YES;
				GCC_WARN_UNINITIALIZED_AUTOS = YES_AGGRESSIVE;
				GCC_WARN_UNUSED_FUNCTION = YES;
				GCC_WARN_UNUSED_VARIABLE = YES;
				IPHONEOS_DEPLOYMENT_TARGET = 17.4;
				LOCALIZATION_PREFERS_STRING_CATALOGS = YES;
				MTL_ENABLE_DEBUG_INFO = NO;
				MTL_FAST_MATH = YES;
				SDKROOT = iphoneos;
				SWIFT_COMPILATION_MODE = wholemodule;
				VALIDATE_PRODUCT = YES;
			};
			name = Release;
		};
		724070E32BEC6AAF00E1E07C /* Debug */ = {
			isa = XCBuildConfiguration;
			buildSettings = {
				ASSETCATALOG_COMPILER_APPICON_NAME = AppIcon;
				ASSETCATALOG_COMPILER_GLOBAL_ACCENT_COLOR_NAME = AccentColor;
				CODE_SIGN_STYLE = Automatic;
				CURRENT_PROJECT_VERSION = 1;
				DEVELOPMENT_ASSET_PATHS = "\"myBookPal/Resources/Preview Content\"";
				DEVELOPMENT_TEAM = 52Q4M7N2WD;
				ENABLE_PREVIEWS = YES;
				GENERATE_INFOPLIST_FILE = YES;
				INFOPLIST_FILE = myBookPal/Info.plist;
				INFOPLIST_KEY_LSApplicationCategoryType = "public.app-category.books";
				INFOPLIST_KEY_NSCameraUsageDescription = "The camera is used for scanning ISBN numbers.";
				INFOPLIST_KEY_UIApplicationSceneManifest_Generation = YES;
				INFOPLIST_KEY_UIApplicationSupportsIndirectInputEvents = YES;
				INFOPLIST_KEY_UILaunchScreen_Generation = YES;
				INFOPLIST_KEY_UIRequiresFullScreen = YES;
				INFOPLIST_KEY_UISupportedInterfaceOrientations = UIInterfaceOrientationPortrait;
				INFOPLIST_KEY_UIUserInterfaceStyle = Light;
				LD_RUNPATH_SEARCH_PATHS = (
					"$(inherited)",
					"@executable_path/Frameworks",
				);
				MARKETING_VERSION = 1.0;
				PRODUCT_BUNDLE_IDENTIFIER = me.Gutierrez.Elyan.myBookPal;
				PRODUCT_NAME = "$(TARGET_NAME)";
				SWIFT_EMIT_LOC_STRINGS = YES;
				SWIFT_VERSION = 6.0;
				TARGETED_DEVICE_FAMILY = "1,2";
			};
			name = Debug;
		};
		724070E42BEC6AAF00E1E07C /* Release */ = {
			isa = XCBuildConfiguration;
			buildSettings = {
				ASSETCATALOG_COMPILER_APPICON_NAME = AppIcon;
				ASSETCATALOG_COMPILER_GLOBAL_ACCENT_COLOR_NAME = AccentColor;
				CODE_SIGN_STYLE = Automatic;
				CURRENT_PROJECT_VERSION = 1;
				DEVELOPMENT_ASSET_PATHS = "\"myBookPal/Resources/Preview Content\"";
				DEVELOPMENT_TEAM = 52Q4M7N2WD;
				ENABLE_PREVIEWS = YES;
				GENERATE_INFOPLIST_FILE = YES;
				INFOPLIST_FILE = myBookPal/Info.plist;
				INFOPLIST_KEY_LSApplicationCategoryType = "public.app-category.books";
				INFOPLIST_KEY_NSCameraUsageDescription = "The camera is used for scanning ISBN numbers.";
				INFOPLIST_KEY_UIApplicationSceneManifest_Generation = YES;
				INFOPLIST_KEY_UIApplicationSupportsIndirectInputEvents = YES;
				INFOPLIST_KEY_UILaunchScreen_Generation = YES;
				INFOPLIST_KEY_UIRequiresFullScreen = YES;
				INFOPLIST_KEY_UISupportedInterfaceOrientations = UIInterfaceOrientationPortrait;
				INFOPLIST_KEY_UIUserInterfaceStyle = Light;
				LD_RUNPATH_SEARCH_PATHS = (
					"$(inherited)",
					"@executable_path/Frameworks",
				);
				MARKETING_VERSION = 1.0;
				PRODUCT_BUNDLE_IDENTIFIER = me.Gutierrez.Elyan.myBookPal;
				PRODUCT_NAME = "$(TARGET_NAME)";
				SWIFT_EMIT_LOC_STRINGS = YES;
				SWIFT_VERSION = 6.0;
				TARGETED_DEVICE_FAMILY = "1,2";
			};
			name = Release;
		};
/* End XCBuildConfiguration section */

/* Begin XCConfigurationList section */
		724070CF2BEC6AAF00E1E07C /* Build configuration list for PBXProject "myBookPal" */ = {
			isa = XCConfigurationList;
			buildConfigurations = (
				724070E02BEC6AAF00E1E07C /* Debug */,
				724070E12BEC6AAF00E1E07C /* Release */,
			);
			defaultConfigurationIsVisible = 0;
			defaultConfigurationName = Release;
		};
		724070E22BEC6AAF00E1E07C /* Build configuration list for PBXNativeTarget "myBookPal" */ = {
			isa = XCConfigurationList;
			buildConfigurations = (
				724070E32BEC6AAF00E1E07C /* Debug */,
				724070E42BEC6AAF00E1E07C /* Release */,
			);
			defaultConfigurationIsVisible = 0;
			defaultConfigurationName = Release;
		};
/* End XCConfigurationList section */

/* Begin XCRemoteSwiftPackageReference section */
		7226629A2C895AF50071162D /* XCRemoteSwiftPackageReference "SDWebImageSwiftUI" */ = {
			isa = XCRemoteSwiftPackageReference;
			repositoryURL = "https://github.com/SDWebImage/SDWebImageSwiftUI.git";
			requirement = {
				kind = upToNextMajorVersion;
				minimumVersion = 3.1.2;
			};
		};
		725D055F2BFBA841001557A4 /* XCRemoteSwiftPackageReference "SlidingTabView" */ = {
			isa = XCRemoteSwiftPackageReference;
			repositoryURL = "https://github.com/QuynhNguyen/SlidingTabView.git";
			requirement = {
				kind = upToNextMajorVersion;
				minimumVersion = 1.0.2;
			};
		};
		72AC478E2CA8ECCB007E72DE /* XCRemoteSwiftPackageReference "CodeScanner" */ = {
			isa = XCRemoteSwiftPackageReference;
			repositoryURL = "https://github.com/twostraws/CodeScanner.git";
			requirement = {
				kind = upToNextMajorVersion;
				minimumVersion = 2.5.1;
			};
		};
/* End XCRemoteSwiftPackageReference section */

/* Begin XCSwiftPackageProductDependency section */
		7226629B2C895AF50071162D /* SDWebImageSwiftUI */ = {
			isa = XCSwiftPackageProductDependency;
			package = 7226629A2C895AF50071162D /* XCRemoteSwiftPackageReference "SDWebImageSwiftUI" */;
			productName = SDWebImageSwiftUI;
		};
		725D05602BFBA841001557A4 /* SlidingTabView */ = {
			isa = XCSwiftPackageProductDependency;
			package = 725D055F2BFBA841001557A4 /* XCRemoteSwiftPackageReference "SlidingTabView" */;
			productName = SlidingTabView;
		};
		72AC478F2CA8ECCB007E72DE /* CodeScanner */ = {
			isa = XCSwiftPackageProductDependency;
			package = 72AC478E2CA8ECCB007E72DE /* XCRemoteSwiftPackageReference "CodeScanner" */;
			productName = CodeScanner;
		};
/* End XCSwiftPackageProductDependency section */
	};
	rootObject = 724070CC2BEC6AAF00E1E07C /* Project object */;
}
