// !$*UTF8*$!
{
	archiveVersion = 1;
	classes = {
	};
	objectVersion = 56;
	objects = {

/* Begin PBXBuildFile section */
		724070D82BEC6AAF00E1E07C /* myBookPalApp.swift in Sources */ = {isa = PBXBuildFile; fileRef = 724070D72BEC6AAF00E1E07C /* myBookPalApp.swift */; };
		724070DA2BEC6AAF00E1E07C /* ContentView.swift in Sources */ = {isa = PBXBuildFile; fileRef = 724070D92BEC6AAF00E1E07C /* ContentView.swift */; };
		724070DC2BEC6AAF00E1E07C /* Assets.xcassets in Resources */ = {isa = PBXBuildFile; fileRef = 724070DB2BEC6AAF00E1E07C /* Assets.xcassets */; };
		724070DF2BEC6AAF00E1E07C /* Preview Assets.xcassets in Resources */ = {isa = PBXBuildFile; fileRef = 724070DE2BEC6AAF00E1E07C /* Preview Assets.xcassets */; };
		724070EC2BED76CA00E1E07C /* AddView.swift in Sources */ = {isa = PBXBuildFile; fileRef = 724070EB2BED76CA00E1E07C /* AddView.swift */; };
		724070EE2BED76CE00E1E07C /* DetailView.swift in Sources */ = {isa = PBXBuildFile; fileRef = 724070ED2BED76CE00E1E07C /* DetailView.swift */; };
		724070F02BED774C00E1E07C /* MainView.swift in Sources */ = {isa = PBXBuildFile; fileRef = 724070EF2BED774C00E1E07C /* MainView.swift */; };
		724070F42BED7A6000E1E07C /* SettingsView.swift in Sources */ = {isa = PBXBuildFile; fileRef = 724070F32BED7A6000E1E07C /* SettingsView.swift */; };
		724070FA2BEDDE5600E1E07C /* Book.swift in Sources */ = {isa = PBXBuildFile; fileRef = 724070F92BEDDE5600E1E07C /* Book.swift */; };
/* End PBXBuildFile section */

/* Begin PBXFileReference section */
		724070D42BEC6AAF00E1E07C /* myBookPal.app */ = {isa = PBXFileReference; explicitFileType = wrapper.application; includeInIndex = 0; path = myBookPal.app; sourceTree = BUILT_PRODUCTS_DIR; };
		724070D72BEC6AAF00E1E07C /* myBookPalApp.swift */ = {isa = PBXFileReference; lastKnownFileType = sourcecode.swift; path = myBookPalApp.swift; sourceTree = "<group>"; };
		724070D92BEC6AAF00E1E07C /* ContentView.swift */ = {isa = PBXFileReference; lastKnownFileType = sourcecode.swift; path = ContentView.swift; sourceTree = "<group>"; };
		724070DB2BEC6AAF00E1E07C /* Assets.xcassets */ = {isa = PBXFileReference; lastKnownFileType = folder.assetcatalog; path = Assets.xcassets; sourceTree = "<group>"; };
		724070DE2BEC6AAF00E1E07C /* Preview Assets.xcassets */ = {isa = PBXFileReference; lastKnownFileType = folder.assetcatalog; path = "Preview Assets.xcassets"; sourceTree = "<group>"; };
		724070EB2BED76CA00E1E07C /* AddView.swift */ = {isa = PBXFileReference; lastKnownFileType = sourcecode.swift; path = AddView.swift; sourceTree = "<group>"; };
		724070ED2BED76CE00E1E07C /* DetailView.swift */ = {isa = PBXFileReference; lastKnownFileType = sourcecode.swift; path = DetailView.swift; sourceTree = "<group>"; };
		724070EF2BED774C00E1E07C /* MainView.swift */ = {isa = PBXFileReference; lastKnownFileType = sourcecode.swift; path = MainView.swift; sourceTree = "<group>"; };
		724070F32BED7A6000E1E07C /* SettingsView.swift */ = {isa = PBXFileReference; lastKnownFileType = sourcecode.swift; path = SettingsView.swift; sourceTree = "<group>"; };
		724070F92BEDDE5600E1E07C /* Book.swift */ = {isa = PBXFileReference; lastKnownFileType = sourcecode.swift; path = Book.swift; sourceTree = "<group>"; };
/* End PBXFileReference section */

/* Begin PBXFrameworksBuildPhase section */
		724070D12BEC6AAF00E1E07C /* Frameworks */ = {
			isa = PBXFrameworksBuildPhase;
			buildActionMask = 2147483647;
			files = (
			);
			runOnlyForDeploymentPostprocessing = 0;
		};
/* End PBXFrameworksBuildPhase section */

/* Begin PBXGroup section */
		724070CB2BEC6AAF00E1E07C = {
			isa = PBXGroup;
			children = (
				724070D62BEC6AAF00E1E07C /* myBookPal */,
				724070D52BEC6AAF00E1E07C /* Products */,
			);
			sourceTree = "<group>";
		};
		724070D52BEC6AAF00E1E07C /* Products */ = {
			isa = PBXGroup;
			children = (
				724070D42BEC6AAF00E1E07C /* myBookPal.app */,
			);
			name = Products;
			sourceTree = "<group>";
		};
		724070D62BEC6AAF00E1E07C /* myBookPal */ = {
			isa = PBXGroup;
			children = (
				724070D72BEC6AAF00E1E07C /* myBookPalApp.swift */,
				724070EF2BED774C00E1E07C /* MainView.swift */,
				724070F82BEDDE4300E1E07C /* Models */,
				724070F52BED7A6900E1E07C /* Views */,
				724070DB2BEC6AAF00E1E07C /* Assets.xcassets */,
				724070DD2BEC6AAF00E1E07C /* Preview Content */,
			);
			path = myBookPal;
			sourceTree = "<group>";
		};
		724070DD2BEC6AAF00E1E07C /* Preview Content */ = {
			isa = PBXGroup;
			children = (
				724070DE2BEC6AAF00E1E07C /* Preview Assets.xcassets */,
			);
			path = "Preview Content";
			sourceTree = "<group>";
		};
		724070F52BED7A6900E1E07C /* Views */ = {
			isa = PBXGroup;
			children = (
				724070D92BEC6AAF00E1E07C /* ContentView.swift */,
				724070F32BED7A6000E1E07C /* SettingsView.swift */,
				724070EB2BED76CA00E1E07C /* AddView.swift */,
				724070ED2BED76CE00E1E07C /* DetailView.swift */,
			);
			path = Views;
			sourceTree = "<group>";
		};
		724070F82BEDDE4300E1E07C /* Models */ = {
			isa = PBXGroup;
			children = (
				724070F92BEDDE5600E1E07C /* Book.swift */,
			);
			path = Models;
			sourceTree = "<group>";
		};
/* End PBXGroup section */

/* Begin PBXNativeTarget section */
		724070D32BEC6AAF00E1E07C /* myBookPal */ = {
			isa = PBXNativeTarget;
			buildConfigurationList = 724070E22BEC6AAF00E1E07C /* Build configuration list for PBXNativeTarget "myBookPal" */;
			buildPhases = (
				724070D02BEC6AAF00E1E07C /* Sources */,
				724070D12BEC6AAF00E1E07C /* Frameworks */,
				724070D22BEC6AAF00E1E07C /* Resources */,
			);
			buildRules = (
			);
			dependencies = (
			);
			name = myBookPal;
			productName = myBookPal;
			productReference = 724070D42BEC6AAF00E1E07C /* myBookPal.app */;
			productType = "com.apple.product-type.application";
		};
/* End PBXNativeTarget section */

/* Begin PBXProject section */
		724070CC2BEC6AAF00E1E07C /* Project object */ = {
			isa = PBXProject;
			attributes = {
				BuildIndependentTargetsInParallel = 1;
				LastSwiftUpdateCheck = 1530;
				LastUpgradeCheck = 1530;
				TargetAttributes = {
					724070D32BEC6AAF00E1E07C = {
						CreatedOnToolsVersion = 15.3;
					};
				};
			};
			buildConfigurationList = 724070CF2BEC6AAF00E1E07C /* Build configuration list for PBXProject "myBookPal" */;
			compatibilityVersion = "Xcode 14.0";
			developmentRegion = en;
			hasScannedForEncodings = 0;
			knownRegions = (
				en,
				Base,
			);
			mainGroup = 724070CB2BEC6AAF00E1E07C;
			productRefGroup = 724070D52BEC6AAF00E1E07C /* Products */;
			projectDirPath = "";
			projectRoot = "";
			targets = (
				724070D32BEC6AAF00E1E07C /* myBookPal */,
			);
		};
/* End PBXProject section */

/* Begin PBXResourcesBuildPhase section */
		724070D22BEC6AAF00E1E07C /* Resources */ = {
			isa = PBXResourcesBuildPhase;
			buildActionMask = 2147483647;
			files = (
				724070DF2BEC6AAF00E1E07C /* Preview Assets.xcassets in Resources */,
				724070DC2BEC6AAF00E1E07C /* Assets.xcassets in Resources */,
			);
			runOnlyForDeploymentPostprocessing = 0;
		};
/* End PBXResourcesBuildPhase section */

/* Begin PBXSourcesBuildPhase section */
		724070D02BEC6AAF00E1E07C /* Sources */ = {
			isa = PBXSourcesBuildPhase;
			buildActionMask = 2147483647;
			files = (
				724070EC2BED76CA00E1E07C /* AddView.swift in Sources */,
				724070DA2BEC6AAF00E1E07C /* ContentView.swift in Sources */,
				724070FA2BEDDE5600E1E07C /* Book.swift in Sources */,
				724070EE2BED76CE00E1E07C /* DetailView.swift in Sources */,
				724070F42BED7A6000E1E07C /* SettingsView.swift in Sources */,
				724070F02BED774C00E1E07C /* MainView.swift in Sources */,
				724070D82BEC6AAF00E1E07C /* myBookPalApp.swift in Sources */,
			);
			runOnlyForDeploymentPostprocessing = 0;
		};
/* End PBXSourcesBuildPhase section */

/* Begin XCBuildConfiguration section */
		724070E02BEC6AAF00E1E07C /* Debug */ = {
			isa = XCBuildConfiguration;
			buildSettings = {
				ALWAYS_SEARCH_USER_PATHS = NO;
				ASSETCATALOG_COMPILER_GENERATE_SWIFT_ASSET_SYMBOL_EXTENSIONS = YES;
				CLANG_ANALYZER_NONNULL = YES;
				CLANG_ANALYZER_NUMBER_OBJECT_CONVERSION = YES_AGGRESSIVE;
				CLANG_CXX_LANGUAGE_STANDARD = "gnu++20";
				CLANG_ENABLE_MODULES = YES;
				CLANG_ENABLE_OBJC_ARC = YES;
				CLANG_ENABLE_OBJC_WEAK = YES;
				CLANG_WARN_BLOCK_CAPTURE_AUTORELEASING = YES;
				CLANG_WARN_BOOL_CONVERSION = YES;
				CLANG_WARN_COMMA = YES;
				CLANG_WARN_CONSTANT_CONVERSION = YES;
				CLANG_WARN_DEPRECATED_OBJC_IMPLEMENTATIONS = YES;
				CLANG_WARN_DIRECT_OBJC_ISA_USAGE = YES_ERROR;
				CLANG_WARN_DOCUMENTATION_COMMENTS = YES;
				CLANG_WARN_EMPTY_BODY = YES;
				CLANG_WARN_ENUM_CONVERSION = YES;
				CLANG_WARN_INFINITE_RECURSION = YES;
				CLANG_WARN_INT_CONVERSION = YES;
				CLANG_WARN_NON_LITERAL_NULL_CONVERSION = YES;
				CLANG_WARN_OBJC_IMPLICIT_RETAIN_SELF = YES;
				CLANG_WARN_OBJC_LITERAL_CONVERSION = YES;
				CLANG_WARN_OBJC_ROOT_CLASS = YES_ERROR;
				CLANG_WARN_QUOTED_INCLUDE_IN_FRAMEWORK_HEADER = YES;
				CLANG_WARN_RANGE_LOOP_ANALYSIS = YES;
				CLANG_WARN_STRICT_PROTOTYPES = YES;
				CLANG_WARN_SUSPICIOUS_MOVE = YES;
				CLANG_WARN_UNGUARDED_AVAILABILITY = YES_AGGRESSIVE;
				CLANG_WARN_UNREACHABLE_CODE = YES;
				CLANG_WARN__DUPLICATE_METHOD_MATCH = YES;
				COPY_PHASE_STRIP = NO;
				DEBUG_INFORMATION_FORMAT = dwarf;
				ENABLE_STRICT_OBJC_MSGSEND = YES;
				ENABLE_TESTABILITY = YES;
				ENABLE_USER_SCRIPT_SANDBOXING = YES;
				GCC_C_LANGUAGE_STANDARD = gnu17;
				GCC_DYNAMIC_NO_PIC = NO;
				GCC_NO_COMMON_BLOCKS = YES;
				GCC_OPTIMIZATION_LEVEL = 0;
				GCC_PREPROCESSOR_DEFINITIONS = (
					"DEBUG=1",
					"$(inherited)",
				);
				GCC_WARN_64_TO_32_BIT_CONVERSION = YES;
				GCC_WARN_ABOUT_RETURN_TYPE = YES_ERROR;
				GCC_WARN_UNDECLARED_SELECTOR = YES;
				GCC_WARN_UNINITIALIZED_AUTOS = YES_AGGRESSIVE;
				GCC_WARN_UNUSED_FUNCTION = YES;
				GCC_WARN_UNUSED_VARIABLE = YES;
				IPHONEOS_DEPLOYMENT_TARGET = 17.4;
				LOCALIZATION_PREFERS_STRING_CATALOGS = YES;
				MTL_ENABLE_DEBUG_INFO = INCLUDE_SOURCE;
				MTL_FAST_MATH = YES;
				ONLY_ACTIVE_ARCH = YES;
				SDKROOT = iphoneos;
				SWIFT_ACTIVE_COMPILATION_CONDITIONS = "DEBUG $(inherited)";
				SWIFT_OPTIMIZATION_LEVEL = "-Onone";
			};
			name = Debug;
		};
		724070E12BEC6AAF00E1E07C /* Release */ = {
			isa = XCBuildConfiguration;
			buildSettings = {
				ALWAYS_SEARCH_USER_PATHS = NO;
				ASSETCATALOG_COMPILER_GENERATE_SWIFT_ASSET_SYMBOL_EXTENSIONS = YES;
				CLANG_ANALYZER_NONNULL = YES;
				CLANG_ANALYZER_NUMBER_OBJECT_CONVERSION = YES_AGGRESSIVE;
				CLANG_CXX_LANGUAGE_STANDARD = "gnu++20";
				CLANG_ENABLE_MODULES = YES;
				CLANG_ENABLE_OBJC_ARC = YES;
				CLANG_ENABLE_OBJC_WEAK = YES;
				CLANG_WARN_BLOCK_CAPTURE_AUTORELEASING = YES;
				CLANG_WARN_BOOL_CONVERSION = YES;
				CLANG_WARN_COMMA = YES;
				CLANG_WARN_CONSTANT_CONVERSION = YES;
				CLANG_WARN_DEPRECATED_OBJC_IMPLEMENTATIONS = YES;
				CLANG_WARN_DIRECT_OBJC_ISA_USAGE = YES_ERROR;
				CLANG_WARN_DOCUMENTATION_COMMENTS = YES;
				CLANG_WARN_EMPTY_BODY = YES;
				CLANG_WARN_ENUM_CONVERSION = YES;
				CLANG_WARN_INFINITE_RECURSION = YES;
				CLANG_WARN_INT_CONVERSION = YES;
				CLANG_WARN_NON_LITERAL_NULL_CONVERSION = YES;
				CLANG_WARN_OBJC_IMPLICIT_RETAIN_SELF = YES;
				CLANG_WARN_OBJC_LITERAL_CONVERSION = YES;
				CLANG_WARN_OBJC_ROOT_CLASS = YES_ERROR;
				CLANG_WARN_QUOTED_INCLUDE_IN_FRAMEWORK_HEADER = YES;
				CLANG_WARN_RANGE_LOOP_ANALYSIS = YES;
				CLANG_WARN_STRICT_PROTOTYPES = YES;
				CLANG_WARN_SUSPICIOUS_MOVE = YES;
				CLANG_WARN_UNGUARDED_AVAILABILITY = YES_AGGRESSIVE;
				CLANG_WARN_UNREACHABLE_CODE = YES;
				CLANG_WARN__DUPLICATE_METHOD_MATCH = YES;
				COPY_PHASE_STRIP = NO;
				DEBUG_INFORMATION_FORMAT = "dwarf-with-dsym";
				ENABLE_NS_ASSERTIONS = NO;
				ENABLE_STRICT_OBJC_MSGSEND = YES;
				ENABLE_USER_SCRIPT_SANDBOXING = YES;
				GCC_C_LANGUAGE_STANDARD = gnu17;
				GCC_NO_COMMON_BLOCKS = YES;
				GCC_WARN_64_TO_32_BIT_CONVERSION = YES;
				GCC_WARN_ABOUT_RETURN_TYPE = YES_ERROR;
				GCC_WARN_UNDECLARED_SELECTOR = YES;
				GCC_WARN_UNINITIALIZED_AUTOS = YES_AGGRESSIVE;
				GCC_WARN_UNUSED_FUNCTION = YES;
				GCC_WARN_UNUSED_VARIABLE = YES;
				IPHONEOS_DEPLOYMENT_TARGET = 17.4;
				LOCALIZATION_PREFERS_STRING_CATALOGS = YES;
				MTL_ENABLE_DEBUG_INFO = NO;
				MTL_FAST_MATH = YES;
				SDKROOT = iphoneos;
				SWIFT_COMPILATION_MODE = wholemodule;
				VALIDATE_PRODUCT = YES;
			};
			name = Release;
		};
		724070E32BEC6AAF00E1E07C /* Debug */ = {
			isa = XCBuildConfiguration;
			buildSettings = {
				ASSETCATALOG_COMPILER_APPICON_NAME = AppIcon;
				ASSETCATALOG_COMPILER_GLOBAL_ACCENT_COLOR_NAME = AccentColor;
				CODE_SIGN_STYLE = Automatic;
				CURRENT_PROJECT_VERSION = 1;
				DEVELOPMENT_ASSET_PATHS = "\"myBookPal/Preview Content\"";
				ENABLE_PREVIEWS = YES;
				GENERATE_INFOPLIST_FILE = YES;
				INFOPLIST_KEY_UIApplicationSceneManifest_Generation = YES;
				INFOPLIST_KEY_UIApplicationSupportsIndirectInputEvents = YES;
				INFOPLIST_KEY_UILaunchScreen_Generation = YES;
				INFOPLIST_KEY_UISupportedInterfaceOrientations_iPad = "UIInterfaceOrientationPortrait UIInterfaceOrientationPortraitUpsideDown UIInterfaceOrientationLandscapeLeft UIInterfaceOrientationLandscapeRight";
				INFOPLIST_KEY_UISupportedInterfaceOrientations_iPhone = "UIInterfaceOrientationPortrait UIInterfaceOrientationLandscapeLeft UIInterfaceOrientationLandscapeRight";
				LD_RUNPATH_SEARCH_PATHS = (
					"$(inherited)",
					"@executable_path/Frameworks",
				);
				MARKETING_VERSION = 1.0;
				PRODUCT_BUNDLE_IDENTIFIER = me.Gutierrez.Elyan.myBookPal;
				PRODUCT_NAME = "$(TARGET_NAME)";
				SWIFT_EMIT_LOC_STRINGS = YES;
				SWIFT_VERSION = 5.0;
				TARGETED_DEVICE_FAMILY = "1,2";
			};
			name = Debug;
		};
		724070E42BEC6AAF00E1E07C /* Release */ = {
			isa = XCBuildConfiguration;
			buildSettings = {
				ASSETCATALOG_COMPILER_APPICON_NAME = AppIcon;
				ASSETCATALOG_COMPILER_GLOBAL_ACCENT_COLOR_NAME = AccentColor;
				CODE_SIGN_STYLE = Automatic;
				CURRENT_PROJECT_VERSION = 1;
				DEVELOPMENT_ASSET_PATHS = "\"myBookPal/Preview Content\"";
				ENABLE_PREVIEWS = YES;
				GENERATE_INFOPLIST_FILE = YES;
				INFOPLIST_KEY_UIApplicationSceneManifest_Generation = YES;
				INFOPLIST_KEY_UIApplicationSupportsIndirectInputEvents = YES;
				INFOPLIST_KEY_UILaunchScreen_Generation = YES;
				INFOPLIST_KEY_UISupportedInterfaceOrientations_iPad = "UIInterfaceOrientationPortrait UIInterfaceOrientationPortraitUpsideDown UIInterfaceOrientationLandscapeLeft UIInterfaceOrientationLandscapeRight";
				INFOPLIST_KEY_UISupportedInterfaceOrientations_iPhone = "UIInterfaceOrientationPortrait UIInterfaceOrientationLandscapeLeft UIInterfaceOrientationLandscapeRight";
				LD_RUNPATH_SEARCH_PATHS = (
					"$(inherited)",
					"@executable_path/Frameworks",
				);
				MARKETING_VERSION = 1.0;
				PRODUCT_BUNDLE_IDENTIFIER = me.Gutierrez.Elyan.myBookPal;
				PRODUCT_NAME = "$(TARGET_NAME)";
				SWIFT_EMIT_LOC_STRINGS = YES;
				SWIFT_VERSION = 5.0;
				TARGETED_DEVICE_FAMILY = "1,2";
			};
			name = Release;
		};
/* End XCBuildConfiguration section */

/* Begin XCConfigurationList section */
		724070CF2BEC6AAF00E1E07C /* Build configuration list for PBXProject "myBookPal" */ = {
			isa = XCConfigurationList;
			buildConfigurations = (
				724070E02BEC6AAF00E1E07C /* Debug */,
				724070E12BEC6AAF00E1E07C /* Release */,
			);
			defaultConfigurationIsVisible = 0;
			defaultConfigurationName = Release;
		};
		724070E22BEC6AAF00E1E07C /* Build configuration list for PBXNativeTarget "myBookPal" */ = {
			isa = XCConfigurationList;
			buildConfigurations = (
				724070E32BEC6AAF00E1E07C /* Debug */,
				724070E42BEC6AAF00E1E07C /* Release */,
			);
			defaultConfigurationIsVisible = 0;
			defaultConfigurationName = Release;
		};
/* End XCConfigurationList section */
	};
	rootObject = 724070CC2BEC6AAF00E1E07C /* Project object */;
}
